
Microsoft Visual Studio Solution File, Format Version 11.00
# Visual C++ Express 2010
Project("{8BC9CEB8-8B4A-11D0-8D11-00A0C91BC942}") = "x86EMU", "x86EMU.vcxproj", "{087D6D2C-39CB-4118-A010-F28A50AEB005}"
EndProject
Global
	GlobalSection(SolutionConfigurationPlatforms) = preSolution
		Debug|Win32 = Debug|Win32
		Release|Win32 = Release|Win32
	EndGlobalSection
	GlobalSection(ProjectConfigurationPlatforms) = postSolution
		{087D6D2C-39CB-4118-A010-F28A50AEB005}.Debug|Win32.ActiveCfg = Debug|Win32
		{087D6D2C-39CB-4118-A010-F28A50AEB005}.Debug|Win32.Build.0 = Debug|Win32
		{087D6D2C-39CB-4118-A010-F28A50AEB005}.Release|Win32.ActiveCfg = Release|Win32
		{087D6D2C-39CB-4118-A010-F28A50AEB005}.Release|Win32.Build.0 = Release|Win32
	EndGlobalSection
	GlobalSection(SolutionProperties) = preSolution
		HideSolutionNode = FALSE
	EndGlobalSection
EndGlobal
